
Microsoft Visual Studio Solution File, Format Version 12.00
# Visual Studio 15
VisualStudioVersion = 15.0.28307.106
MinimumVisualStudioVersion = 10.0.40219.1
Project("{FAE04EC0-301F-11D3-BF4B-00C04F79EFBC}") = "Fasseto.Word", "Fasseto.Word\Fasseto.Word.csproj", "{69D6C16D-9CFB-4354-9BBC-552E565EB5B9}"
EndProject
Global
	GlobalSection(SolutionConfigurationPlatforms) = preSolution
		Debug|Any CPU = Debug|Any CPU
		Release|Any CPU = Release|Any CPU
	EndGlobalSection
	GlobalSection(ProjectConfigurationPlatforms) = postSolution
		{69D6C16D-9CFB-4354-9BBC-552E565EB5B9}.Debug|Any CPU.ActiveCfg = Debug|Any CPU
		{69D6C16D-9CFB-4354-9BBC-552E565EB5B9}.Debug|Any CPU.Build.0 = Debug|Any CPU
		{69D6C16D-9CFB-4354-9BBC-552E565EB5B9}.Release|Any CPU.ActiveCfg = Release|Any CPU
		{69D6C16D-9CFB-4354-9BBC-552E565EB5B9}.Release|Any CPU.Build.0 = Release|Any CPU
	EndGlobalSection
	GlobalSection(SolutionProperties) = preSolution
		HideSolutionNode = FALSE
	EndGlobalSection
	GlobalSection(ExtensibilityGlobals) = postSolution
		SolutionGuid = {43D8824C-5C69-4CAE-A314-82198B36AAEA}
	EndGlobalSection
EndGlobal
